
Microsoft Visual Studio Solution File, Format Version 12.00
# Visual Studio Version 16
VisualStudioVersion = 16.0.32126.315
MinimumVisualStudioVersion = 10.0.40219.1
Project("{FAE04EC0-301F-11D3-BF4B-00C04F79EFBC}") = "Final", "Final.csproj", "{172AD539-12EC-4F51-B0DF-A9844F1E1676}"
EndProject
Global
	GlobalSection(SolutionConfigurationPlatforms) = preSolution
		Debug|Any CPU = Debug|Any CPU
		Release|Any CPU = Release|Any CPU
	EndGlobalSection
	GlobalSection(ProjectConfigurationPlatforms) = postSolution
		{172AD539-12EC-4F51-B0DF-A9844F1E1676}.Debug|Any CPU.ActiveCfg = Debug|Any CPU
		{172AD539-12EC-4F51-B0DF-A9844F1E1676}.Debug|Any CPU.Build.0 = Debug|Any CPU
		{172AD539-12EC-4F51-B0DF-A9844F1E1676}.Release|Any CPU.ActiveCfg = Release|Any CPU
		{172AD539-12EC-4F51-B0DF-A9844F1E1676}.Release|Any CPU.Build.0 = Release|Any CPU
	EndGlobalSection
	GlobalSection(SolutionProperties) = preSolution
		HideSolutionNode = FALSE
	EndGlobalSection
	GlobalSection(ExtensibilityGlobals) = postSolution
		SolutionGuid = {41D0F425-92E5-42BA-B48D-62CA1DB9F3E5}
	EndGlobalSection
EndGlobal
